
Microsoft Visual Studio Solution File, Format Version 12.00
# Visual Studio Version 17
VisualStudioVersion = 17.14.36705.20 d17.14
MinimumVisualStudioVersion = 10.0.40219.1
Project("{FAE04EC0-301F-11D3-BF4B-00C04F79EFBC}") = "AVL-DBMS", "AVL-DBMS\AVL-DBMS.csproj", "{23B0C8BA-0222-4CF5-BEC6-3D2E48C9BDEA}"
EndProject
Global
	GlobalSection(SolutionConfigurationPlatforms) = preSolution
		Debug|Any CPU = Debug|Any CPU
		Release|Any CPU = Release|Any CPU
	EndGlobalSection
	GlobalSection(ProjectConfigurationPlatforms) = postSolution
		{23B0C8BA-0222-4CF5-BEC6-3D2E48C9BDEA}.Debug|Any CPU.ActiveCfg = Debug|Any CPU
		{23B0C8BA-0222-4CF5-BEC6-3D2E48C9BDEA}.Debug|Any CPU.Build.0 = Debug|Any CPU
		{23B0C8BA-0222-4CF5-BEC6-3D2E48C9BDEA}.Release|Any CPU.ActiveCfg = Release|Any CPU
		{23B0C8BA-0222-4CF5-BEC6-3D2E48C9BDEA}.Release|Any CPU.Build.0 = Release|Any CPU
	EndGlobalSection
	GlobalSection(SolutionProperties) = preSolution
		HideSolutionNode = FALSE
	EndGlobalSection
	GlobalSection(ExtensibilityGlobals) = postSolution
		SolutionGuid = {2F8DCBC1-D0A7-40F2-B7BB-7CB04722CC51}
	EndGlobalSection
EndGlobal
